[root]
name = "delivery"
version = "0.0.1"
dependencies = [
 "docopt 0.6.39 (registry+https://github.com/rust-lang/crates.io-index)",
 "docopt_macros 0.6.39 (registry+https://github.com/rust-lang/crates.io-index)",
 "env_logger 0.2.2 (registry+https://github.com/rust-lang/crates.io-index)",
 "libc 0.1.2 (registry+https://github.com/rust-lang/crates.io-index)",
 "log 0.2.4 (registry+https://github.com/rust-lang/crates.io-index)",
 "regex 0.1.15 (registry+https://github.com/rust-lang/crates.io-index)",
 "regex_macros 0.1.8 (registry+https://github.com/rust-lang/crates.io-index)",
 "rustc-serialize 0.3.0 (registry+https://github.com/rust-lang/crates.io-index)",
 "term 0.1.12 (registry+https://github.com/rust-lang/crates.io-index)",
 "time 0.1.17 (registry+https://github.com/rust-lang/crates.io-index)",
 "toml 0.1.17 (git+https://github.com/alexcrichton/toml-rs.git)",
]

[[package]]
name = "docopt"
version = "0.6.39"
source = "registry+https://github.com/rust-lang/crates.io-index"
dependencies = [
 "regex 0.1.15 (registry+https://github.com/rust-lang/crates.io-index)",
 "rustc-serialize 0.3.0 (registry+https://github.com/rust-lang/crates.io-index)",
]

[[package]]
name = "docopt_macros"
version = "0.6.39"
source = "registry+https://github.com/rust-lang/crates.io-index"
dependencies = [
 "docopt 0.6.39 (registry+https://github.com/rust-lang/crates.io-index)",
]

[[package]]
name = "env_logger"
version = "0.2.2"
source = "registry+https://github.com/rust-lang/crates.io-index"
dependencies = [
 "log 0.2.4 (registry+https://github.com/rust-lang/crates.io-index)",
 "regex 0.1.15 (registry+https://github.com/rust-lang/crates.io-index)",
]

[[package]]
name = "gcc"
version = "0.1.7"
source = "registry+https://github.com/rust-lang/crates.io-index"

[[package]]
name = "kernel32-sys"
version = "0.0.9"
source = "registry+https://github.com/rust-lang/crates.io-index"
dependencies = [
 "winapi 0.1.13 (registry+https://github.com/rust-lang/crates.io-index)",
]

[[package]]
name = "libc"
version = "0.1.2"
source = "registry+https://github.com/rust-lang/crates.io-index"

[[package]]
name = "log"
version = "0.2.4"
source = "registry+https://github.com/rust-lang/crates.io-index"

[[package]]
name = "regex"
version = "0.1.15"
source = "registry+https://github.com/rust-lang/crates.io-index"

[[package]]
name = "regex_macros"
version = "0.1.8"
source = "registry+https://github.com/rust-lang/crates.io-index"
dependencies = [
 "regex 0.1.15 (registry+https://github.com/rust-lang/crates.io-index)",
]

[[package]]
name = "rustc-serialize"
version = "0.3.0"
source = "registry+https://github.com/rust-lang/crates.io-index"

[[package]]
name = "term"
version = "0.1.12"
source = "registry+https://github.com/rust-lang/crates.io-index"
dependencies = [
 "kernel32-sys 0.0.9 (registry+https://github.com/rust-lang/crates.io-index)",
 "log 0.2.4 (registry+https://github.com/rust-lang/crates.io-index)",
 "winapi 0.1.13 (registry+https://github.com/rust-lang/crates.io-index)",
]

[[package]]
name = "time"
version = "0.1.17"
source = "registry+https://github.com/rust-lang/crates.io-index"
dependencies = [
 "gcc 0.1.7 (registry+https://github.com/rust-lang/crates.io-index)",
 "libc 0.1.2 (registry+https://github.com/rust-lang/crates.io-index)",
]

[[package]]
name = "toml"
version = "0.1.17"
source = "git+https://github.com/alexcrichton/toml-rs.git#77547e8d08d6f989b3300a78c07a5bd0bcb7a314"
dependencies = [
 "rustc-serialize 0.3.0 (registry+https://github.com/rust-lang/crates.io-index)",
]

[[package]]
name = "winapi"
version = "0.1.13"
source = "registry+https://github.com/rust-lang/crates.io-index"
dependencies = [
 "libc 0.1.2 (registry+https://github.com/rust-lang/crates.io-index)",
]

