DEPENDENCIES
  apt (~> 2.3)
  delivery_rust
    path: ../cookbooks/delivery_rust
  freebsd (~> 0.1)
  omnibus (>= 2.6.12)
  yum-epel (~> 0.3)

GRAPH
  7-zip (1.0.2)
    windows (>= 1.2.2)
  apt (2.8.2)
  build-essential (2.2.3)
  chef-sugar (3.1.1)
  chef_handler (1.2.0)
  delivery_rust (0.3.3)
    build-essential (>= 0.0.0)
    omnibus (>= 0.0.0)
  freebsd (0.3.0)
  homebrew (1.13.0)
    build-essential (>= 2.1.2)
  omnibus (2.6.12)
    7-zip (~> 1.0)
    build-essential (~> 2.0)
    chef-sugar (~> 3.0)
    homebrew (~> 1.9)
    windows (~> 1.30)
    windows-sdk (~> 1.0)
    wix (~> 1.1)
  windows (1.38.1)
    chef_handler (>= 0.0.0)
  windows-sdk (1.0.2)
  wix (1.1.0)
    windows (>= 1.2.2)
  yum (3.6.3)
  yum-epel (0.6.2)
    yum (~> 3.2)
