DEPENDENCIES
  apt (~> 2.3)
  delivery_rust
    path: ../cookbooks/delivery_rust
  freebsd (~> 0.1)
  languages
    git: git@github.com:chef-cookbooks/languages
    revision: ed9ecf91801265ce49f12e03422361f4e1c65ede
  omnibus
    git: git@github.com:chef-cookbooks/omnibus
    revision: a6eab8ef602d2a9f76a6d74497857c9e7611b7c3
  yum-epel (~> 0.3)

GRAPH
  7-zip (1.0.2)
    windows (>= 1.2.2)
  apt (2.9.2)
  build-essential (2.2.4)
  chef-sugar (3.1.1)
  chef_handler (1.2.0)
  delivery_rust (0.3.4)
    apt (>= 0.0.0)
    build-essential (>= 0.0.0)
    chef-sugar (>= 0.0.0)
    languages (>= 0.0.0)
    omnibus (>= 0.0.0)
  freebsd (0.4.0)
  homebrew (1.13.0)
    build-essential (>= 2.1.2)
  languages (0.2.2)
    build-essential (>= 0.0.0)
    chef-sugar (>= 0.0.0)
    remote_install (>= 0.0.0)
  omnibus (2.7.7)
    7-zip (~> 1.0)
    build-essential (~> 2.0)
    chef-sugar (~> 3.0)
    homebrew (~> 1.9)
    languages (>= 0.0.0)
    windows (~> 1.30)
    windows-sdk (~> 1.0)
    wix (~> 2.0)
  remote_install (1.0.1)
  windows (1.38.2)
    chef_handler (>= 0.0.0)
  windows-sdk (1.0.2)
  wix (2.0.0)
    windows (>= 1.2.2)
  yum (3.8.2)
  yum-epel (0.6.4)
    yum (~> 3.2)
